# Generated by `emb cross`. Do not edit by hand.
# Pins resolved toolchain/sysroot inputs per target.
version: 1
env:
  emb_version: '0.1.0'
  engine_commit: '77e2e94772b6eb43759e34ed1ad7da4674e19cab'
  flutter_commit: 'c9a6c484230f8b5e408ec57be1ef71dee1e77020'
  rustc_version: 'rustc 1.88.0 (6b00bc388 2025-06-23)'
targets:
  'rpi5-trixie':
    provider: 'arm-gnu'
    triple: 'aarch64-none-linux-gnu'
    toolchain_version: '15.2.rel1'
    sysroot_key: '7174633915a0'
    build_key: 'd7626fb6e7d5'
